// !$*UTF8*$!
{
	archiveVersion = 1;
	classes = {
	};
	objectVersion = 56;
	objects = {

/* Begin PBXBuildFile section */
		1021C4122C6930C20057D33B /* Extensions.Color.swift in Sources */ = {isa = PBXBuildFile; fileRef = 1021C4112C6930C20057D33B /* Extensions.Color.swift */; };
		102B1D532C7A27B3009D4692 /* TextView.swift in Sources */ = {isa = PBXBuildFile; fileRef = 102B1D522C7A27B3009D4692 /* TextView.swift */; };
		102B1D552C7A392E009D4692 /* Extension.Font.swift in Sources */ = {isa = PBXBuildFile; fileRef = 102B1D542C7A392E009D4692 /* Extension.Font.swift */; };
		106012092C4A8007006D3EF2 /* CatalogDebtEditView.swift in Sources */ = {isa = PBXBuildFile; fileRef = 106012082C4A8007006D3EF2 /* CatalogDebtEditView.swift */; };
		1060120B2C4A8010006D3EF2 /* CatalogDebtEditViewModel.swift in Sources */ = {isa = PBXBuildFile; fileRef = 1060120A2C4A8010006D3EF2 /* CatalogDebtEditViewModel.swift */; };
		1060120D2C4A815A006D3EF2 /* SubtitleView.swift in Sources */ = {isa = PBXBuildFile; fileRef = 1060120C2C4A815A006D3EF2 /* SubtitleView.swift */; };
		1060120F2C4A8B88006D3EF2 /* DebtType.swift in Sources */ = {isa = PBXBuildFile; fileRef = 1060120E2C4A8B88006D3EF2 /* DebtType.swift */; };
		106012112C4A8C4C006D3EF2 /* CDCatalogDebt.swift in Sources */ = {isa = PBXBuildFile; fileRef = 106012102C4A8C4C006D3EF2 /* CDCatalogDebt.swift */; };
		10640CA92C7CAC6D00C692DA /* Extensions.ForegroundStyle.swift in Sources */ = {isa = PBXBuildFile; fileRef = 10640CA82C7CAC6D00C692DA /* Extensions.ForegroundStyle.swift */; };
		1088FD7D2C56613F00B67845 /* CatalogCommonSelectListView.swift in Sources */ = {isa = PBXBuildFile; fileRef = 1088FD7C2C56613F00B67845 /* CatalogCommonSelectListView.swift */; };
		1088FD802C566EB500B67845 /* DocumentIncomeListView.swift in Sources */ = {isa = PBXBuildFile; fileRef = 1088FD7F2C566EB500B67845 /* DocumentIncomeListView.swift */; };
		1088FD822C566EC300B67845 /* DocumentIncomeListViewModel.swift in Sources */ = {isa = PBXBuildFile; fileRef = 1088FD812C566EC300B67845 /* DocumentIncomeListViewModel.swift */; };
		1088FD842C566FF100B67845 /* DocumentIncomeListRowView.swift in Sources */ = {isa = PBXBuildFile; fileRef = 1088FD832C566FF100B67845 /* DocumentIncomeListRowView.swift */; };
		1088FD862C56724F00B67845 /* CDDocumentIncome.swift in Sources */ = {isa = PBXBuildFile; fileRef = 1088FD852C56724F00B67845 /* CDDocumentIncome.swift */; };
		1088FD8B2C56761600B67845 /* DocumentIncomeEditViewModel.swift in Sources */ = {isa = PBXBuildFile; fileRef = 1088FD8A2C56761600B67845 /* DocumentIncomeEditViewModel.swift */; };
		1088FD8D2C56761C00B67845 /* DocumentIncomeEditView.swift in Sources */ = {isa = PBXBuildFile; fileRef = 1088FD8C2C56761C00B67845 /* DocumentIncomeEditView.swift */; };
		1088FD952C56819800B67845 /* DocumentIncomeStateEditViewModel.swift in Sources */ = {isa = PBXBuildFile; fileRef = 1088FD942C56819800B67845 /* DocumentIncomeStateEditViewModel.swift */; };
		1088FD972C56819D00B67845 /* DocumentIncomeStateEditView.swift in Sources */ = {isa = PBXBuildFile; fileRef = 1088FD962C56819D00B67845 /* DocumentIncomeStateEditView.swift */; };
		1088FD9A2C5682D400B67845 /* CommentView.swift in Sources */ = {isa = PBXBuildFile; fileRef = 1088FD992C5682D400B67845 /* CommentView.swift */; };
		1088FD9C2C56885E00B67845 /* TextFieldDecimal.swift in Sources */ = {isa = PBXBuildFile; fileRef = 1088FD9B2C56885E00B67845 /* TextFieldDecimal.swift */; };
		1088FD9E2C56887300B67845 /* DecimalTextField.swift in Sources */ = {isa = PBXBuildFile; fileRef = 1088FD9D2C56887300B67845 /* DecimalTextField.swift */; };
		1088FDA02C5688A800B67845 /* Extensions.Decimal.swift in Sources */ = {isa = PBXBuildFile; fileRef = 1088FD9F2C5688A800B67845 /* Extensions.Decimal.swift */; };
		1088FDA22C5688C400B67845 /* Extensions.String.swift in Sources */ = {isa = PBXBuildFile; fileRef = 1088FDA12C5688C400B67845 /* Extensions.String.swift */; };
		1088FDA42C568A0C00B67845 /* DecimalValueRow.swift in Sources */ = {isa = PBXBuildFile; fileRef = 1088FDA32C568A0C00B67845 /* DecimalValueRow.swift */; };
		10A4DC582C35BCBF000392E9 /* CoreDataStackPreview.swift in Sources */ = {isa = PBXBuildFile; fileRef = 10A4DC572C35BCBF000392E9 /* CoreDataStackPreview.swift */; };
		10A4DC5A2C35C532000392E9 /* EditNameView.swift in Sources */ = {isa = PBXBuildFile; fileRef = 10A4DC592C35C532000392E9 /* EditNameView.swift */; };
		10C9D22F2C76619200D3C517 /* ValueView.swift in Sources */ = {isa = PBXBuildFile; fileRef = 10C9D22E2C76619200D3C517 /* ValueView.swift */; };
		10E90A732BBBE6B50049C929 /* MoneyAppApp.swift in Sources */ = {isa = PBXBuildFile; fileRef = 10E90A722BBBE6B50049C929 /* MoneyAppApp.swift */; };
		10E90A752BBBE6B50049C929 /* MainView.swift in Sources */ = {isa = PBXBuildFile; fileRef = 10E90A742BBBE6B50049C929 /* MainView.swift */; };
		10E90A772BBBE6B60049C929 /* Assets.xcassets in Resources */ = {isa = PBXBuildFile; fileRef = 10E90A762BBBE6B60049C929 /* Assets.xcassets */; };
		10E90A7A2BBBE6B60049C929 /* Preview Assets.xcassets in Resources */ = {isa = PBXBuildFile; fileRef = 10E90A792BBBE6B60049C929 /* Preview Assets.xcassets */; };
		10E90A822BBBE8050049C929 /* Coordinator.swift in Sources */ = {isa = PBXBuildFile; fileRef = 10E90A812BBBE8050049C929 /* Coordinator.swift */; };
		10E90A892BBBE89A0049C929 /* CatalogStateIncomeListView.swift in Sources */ = {isa = PBXBuildFile; fileRef = 10E90A882BBBE89A0049C929 /* CatalogStateIncomeListView.swift */; };
		10E90A8D2BBBE9010049C929 /* Model.xcdatamodeld in Sources */ = {isa = PBXBuildFile; fileRef = 10E90A8B2BBBE9010049C929 /* Model.xcdatamodeld */; };
		10E90A902BBBEA880049C929 /* ObjectType.swift in Sources */ = {isa = PBXBuildFile; fileRef = 10E90A8F2BBBEA880049C929 /* ObjectType.swift */; };
		10E90A962BBBEC230049C929 /* CatalogStateIncomeEditView.swift in Sources */ = {isa = PBXBuildFile; fileRef = 10E90A952BBBEC230049C929 /* CatalogStateIncomeEditView.swift */; };
		10E90A982BBBEC9C0049C929 /* CatalogStateIncomeEditViewModel.swift in Sources */ = {isa = PBXBuildFile; fileRef = 10E90A972BBBEC9C0049C929 /* CatalogStateIncomeEditViewModel.swift */; };
		10E90A9E2BBBED0A0049C929 /* CoreDataStack.Log.swift in Sources */ = {isa = PBXBuildFile; fileRef = 10E90A992BBBED0A0049C929 /* CoreDataStack.Log.swift */; };
		10E90A9F2BBBED0A0049C929 /* SaveStatus.swift in Sources */ = {isa = PBXBuildFile; fileRef = 10E90A9A2BBBED0A0049C929 /* SaveStatus.swift */; };
		10E90AA02BBBED0A0049C929 /* CoreData + Extensions.swift in Sources */ = {isa = PBXBuildFile; fileRef = 10E90A9B2BBBED0A0049C929 /* CoreData + Extensions.swift */; };
		10E90AA12BBBED0A0049C929 /* StoreType.swift in Sources */ = {isa = PBXBuildFile; fileRef = 10E90A9C2BBBED0A0049C929 /* StoreType.swift */; };
		10E90AA22BBBED0A0049C929 /* CoreDataStack.swift in Sources */ = {isa = PBXBuildFile; fileRef = 10E90A9D2BBBED0A0049C929 /* CoreDataStack.swift */; };
		10E90AA42BBBED1B0049C929 /* Model.swift in Sources */ = {isa = PBXBuildFile; fileRef = 10E90AA32BBBED1B0049C929 /* Model.swift */; };
		10E90AA92BBBEF250049C929 /* Extensions.swift in Sources */ = {isa = PBXBuildFile; fileRef = 10E90AA82BBBEF250049C929 /* Extensions.swift */; };
		10FF93C02C44F91900037C21 /* CatalogCommonListView.swift in Sources */ = {isa = PBXBuildFile; fileRef = 10FF93BF2C44F91900037C21 /* CatalogCommonListView.swift */; };
		10FF93C22C44F97D00037C21 /* CDCatalogName.swift in Sources */ = {isa = PBXBuildFile; fileRef = 10FF93C12C44F97D00037C21 /* CDCatalogName.swift */; };
		10FF93C52C455D2800037C21 /* CatalogCommonEditView.swift in Sources */ = {isa = PBXBuildFile; fileRef = 10FF93C42C455D2800037C21 /* CatalogCommonEditView.swift */; };
		10FF93C72C455D8200037C21 /* CatalogCommonEditViewModel.swift in Sources */ = {isa = PBXBuildFile; fileRef = 10FF93C62C455D8200037C21 /* CatalogCommonEditViewModel.swift */; };
/* End PBXBuildFile section */

/* Begin PBXFileReference section */
		1021C4112C6930C20057D33B /* Extensions.Color.swift */ = {isa = PBXFileReference; lastKnownFileType = sourcecode.swift; path = Extensions.Color.swift; sourceTree = "<group>"; };
		102B1D522C7A27B3009D4692 /* TextView.swift */ = {isa = PBXFileReference; lastKnownFileType = sourcecode.swift; path = TextView.swift; sourceTree = "<group>"; };
		102B1D542C7A392E009D4692 /* Extension.Font.swift */ = {isa = PBXFileReference; lastKnownFileType = sourcecode.swift; path = Extension.Font.swift; sourceTree = "<group>"; };
		106012082C4A8007006D3EF2 /* CatalogDebtEditView.swift */ = {isa = PBXFileReference; lastKnownFileType = sourcecode.swift; path = CatalogDebtEditView.swift; sourceTree = "<group>"; };
		1060120A2C4A8010006D3EF2 /* CatalogDebtEditViewModel.swift */ = {isa = PBXFileReference; lastKnownFileType = sourcecode.swift; path = CatalogDebtEditViewModel.swift; sourceTree = "<group>"; };
		1060120C2C4A815A006D3EF2 /* SubtitleView.swift */ = {isa = PBXFileReference; lastKnownFileType = sourcecode.swift; path = SubtitleView.swift; sourceTree = "<group>"; };
		1060120E2C4A8B88006D3EF2 /* DebtType.swift */ = {isa = PBXFileReference; lastKnownFileType = sourcecode.swift; path = DebtType.swift; sourceTree = "<group>"; };
		106012102C4A8C4C006D3EF2 /* CDCatalogDebt.swift */ = {isa = PBXFileReference; lastKnownFileType = sourcecode.swift; path = CDCatalogDebt.swift; sourceTree = "<group>"; };
		10640CA82C7CAC6D00C692DA /* Extensions.ForegroundStyle.swift */ = {isa = PBXFileReference; lastKnownFileType = sourcecode.swift; path = Extensions.ForegroundStyle.swift; sourceTree = "<group>"; };
		1088FD7C2C56613F00B67845 /* CatalogCommonSelectListView.swift */ = {isa = PBXFileReference; lastKnownFileType = sourcecode.swift; path = CatalogCommonSelectListView.swift; sourceTree = "<group>"; };
		1088FD7F2C566EB500B67845 /* DocumentIncomeListView.swift */ = {isa = PBXFileReference; lastKnownFileType = sourcecode.swift; path = DocumentIncomeListView.swift; sourceTree = "<group>"; };
		1088FD812C566EC300B67845 /* DocumentIncomeListViewModel.swift */ = {isa = PBXFileReference; lastKnownFileType = sourcecode.swift; path = DocumentIncomeListViewModel.swift; sourceTree = "<group>"; };
		1088FD832C566FF100B67845 /* DocumentIncomeListRowView.swift */ = {isa = PBXFileReference; lastKnownFileType = sourcecode.swift; path = DocumentIncomeListRowView.swift; sourceTree = "<group>"; };
		1088FD852C56724F00B67845 /* CDDocumentIncome.swift */ = {isa = PBXFileReference; lastKnownFileType = sourcecode.swift; path = CDDocumentIncome.swift; sourceTree = "<group>"; };
		1088FD8A2C56761600B67845 /* DocumentIncomeEditViewModel.swift */ = {isa = PBXFileReference; lastKnownFileType = sourcecode.swift; path = DocumentIncomeEditViewModel.swift; sourceTree = "<group>"; };
		1088FD8C2C56761C00B67845 /* DocumentIncomeEditView.swift */ = {isa = PBXFileReference; lastKnownFileType = sourcecode.swift; path = DocumentIncomeEditView.swift; sourceTree = "<group>"; };
		1088FD942C56819800B67845 /* DocumentIncomeStateEditViewModel.swift */ = {isa = PBXFileReference; lastKnownFileType = sourcecode.swift; path = DocumentIncomeStateEditViewModel.swift; sourceTree = "<group>"; };
		1088FD962C56819D00B67845 /* DocumentIncomeStateEditView.swift */ = {isa = PBXFileReference; lastKnownFileType = sourcecode.swift; path = DocumentIncomeStateEditView.swift; sourceTree = "<group>"; };
		1088FD992C5682D400B67845 /* CommentView.swift */ = {isa = PBXFileReference; lastKnownFileType = sourcecode.swift; path = CommentView.swift; sourceTree = "<group>"; };
		1088FD9B2C56885E00B67845 /* TextFieldDecimal.swift */ = {isa = PBXFileReference; fileEncoding = 4; lastKnownFileType = sourcecode.swift; path = TextFieldDecimal.swift; sourceTree = "<group>"; };
		1088FD9D2C56887300B67845 /* DecimalTextField.swift */ = {isa = PBXFileReference; fileEncoding = 4; lastKnownFileType = sourcecode.swift; path = DecimalTextField.swift; sourceTree = "<group>"; };
		1088FD9F2C5688A800B67845 /* Extensions.Decimal.swift */ = {isa = PBXFileReference; fileEncoding = 4; lastKnownFileType = sourcecode.swift; path = Extensions.Decimal.swift; sourceTree = "<group>"; };
		1088FDA12C5688C400B67845 /* Extensions.String.swift */ = {isa = PBXFileReference; fileEncoding = 4; lastKnownFileType = sourcecode.swift; path = Extensions.String.swift; sourceTree = "<group>"; };
		1088FDA32C568A0C00B67845 /* DecimalValueRow.swift */ = {isa = PBXFileReference; lastKnownFileType = sourcecode.swift; path = DecimalValueRow.swift; sourceTree = "<group>"; };
		10A4DC572C35BCBF000392E9 /* CoreDataStackPreview.swift */ = {isa = PBXFileReference; lastKnownFileType = sourcecode.swift; path = CoreDataStackPreview.swift; sourceTree = "<group>"; };
		10A4DC592C35C532000392E9 /* EditNameView.swift */ = {isa = PBXFileReference; lastKnownFileType = sourcecode.swift; path = EditNameView.swift; sourceTree = "<group>"; };
		10C9D22E2C76619200D3C517 /* ValueView.swift */ = {isa = PBXFileReference; lastKnownFileType = sourcecode.swift; path = ValueView.swift; sourceTree = "<group>"; };
		10E90A6F2BBBE6B50049C929 /* MoneyApp.app */ = {isa = PBXFileReference; explicitFileType = wrapper.application; includeInIndex = 0; path = MoneyApp.app; sourceTree = BUILT_PRODUCTS_DIR; };
		10E90A722BBBE6B50049C929 /* MoneyAppApp.swift */ = {isa = PBXFileReference; lastKnownFileType = sourcecode.swift; path = MoneyAppApp.swift; sourceTree = "<group>"; };
		10E90A742BBBE6B50049C929 /* MainView.swift */ = {isa = PBXFileReference; lastKnownFileType = sourcecode.swift; path = MainView.swift; sourceTree = "<group>"; };
		10E90A762BBBE6B60049C929 /* Assets.xcassets */ = {isa = PBXFileReference; lastKnownFileType = folder.assetcatalog; path = Assets.xcassets; sourceTree = "<group>"; };
		10E90A792BBBE6B60049C929 /* Preview Assets.xcassets */ = {isa = PBXFileReference; lastKnownFileType = folder.assetcatalog; path = "Preview Assets.xcassets"; sourceTree = "<group>"; };
		10E90A812BBBE8050049C929 /* Coordinator.swift */ = {isa = PBXFileReference; lastKnownFileType = sourcecode.swift; path = Coordinator.swift; sourceTree = "<group>"; };
		10E90A882BBBE89A0049C929 /* CatalogStateIncomeListView.swift */ = {isa = PBXFileReference; lastKnownFileType = sourcecode.swift; path = CatalogStateIncomeListView.swift; sourceTree = "<group>"; };
		10E90A8C2BBBE9010049C929 /* Model.xcdatamodel */ = {isa = PBXFileReference; lastKnownFileType = wrapper.xcdatamodel; path = Model.xcdatamodel; sourceTree = "<group>"; };
		10E90A8F2BBBEA880049C929 /* ObjectType.swift */ = {isa = PBXFileReference; lastKnownFileType = sourcecode.swift; path = ObjectType.swift; sourceTree = "<group>"; };
		10E90A952BBBEC230049C929 /* CatalogStateIncomeEditView.swift */ = {isa = PBXFileReference; lastKnownFileType = sourcecode.swift; path = CatalogStateIncomeEditView.swift; sourceTree = "<group>"; };
		10E90A972BBBEC9C0049C929 /* CatalogStateIncomeEditViewModel.swift */ = {isa = PBXFileReference; lastKnownFileType = sourcecode.swift; path = CatalogStateIncomeEditViewModel.swift; sourceTree = "<group>"; };
		10E90A992BBBED0A0049C929 /* CoreDataStack.Log.swift */ = {isa = PBXFileReference; fileEncoding = 4; lastKnownFileType = sourcecode.swift; path = CoreDataStack.Log.swift; sourceTree = "<group>"; };
		10E90A9A2BBBED0A0049C929 /* SaveStatus.swift */ = {isa = PBXFileReference; fileEncoding = 4; lastKnownFileType = sourcecode.swift; path = SaveStatus.swift; sourceTree = "<group>"; };
		10E90A9B2BBBED0A0049C929 /* CoreData + Extensions.swift */ = {isa = PBXFileReference; fileEncoding = 4; lastKnownFileType = sourcecode.swift; path = "CoreData + Extensions.swift"; sourceTree = "<group>"; };
		10E90A9C2BBBED0A0049C929 /* StoreType.swift */ = {isa = PBXFileReference; fileEncoding = 4; lastKnownFileType = sourcecode.swift; path = StoreType.swift; sourceTree = "<group>"; };
		10E90A9D2BBBED0A0049C929 /* CoreDataStack.swift */ = {isa = PBXFileReference; fileEncoding = 4; lastKnownFileType = sourcecode.swift; path = CoreDataStack.swift; sourceTree = "<group>"; };
		10E90AA32BBBED1B0049C929 /* Model.swift */ = {isa = PBXFileReference; lastKnownFileType = sourcecode.swift; path = Model.swift; sourceTree = "<group>"; };
		10E90AA82BBBEF250049C929 /* Extensions.swift */ = {isa = PBXFileReference; lastKnownFileType = sourcecode.swift; path = Extensions.swift; sourceTree = "<group>"; };
		10FF93BF2C44F91900037C21 /* CatalogCommonListView.swift */ = {isa = PBXFileReference; lastKnownFileType = sourcecode.swift; path = CatalogCommonListView.swift; sourceTree = "<group>"; };
		10FF93C12C44F97D00037C21 /* CDCatalogName.swift */ = {isa = PBXFileReference; lastKnownFileType = sourcecode.swift; path = CDCatalogName.swift; sourceTree = "<group>"; };
		10FF93C42C455D2800037C21 /* CatalogCommonEditView.swift */ = {isa = PBXFileReference; lastKnownFileType = sourcecode.swift; path = CatalogCommonEditView.swift; sourceTree = "<group>"; };
		10FF93C62C455D8200037C21 /* CatalogCommonEditViewModel.swift */ = {isa = PBXFileReference; lastKnownFileType = sourcecode.swift; path = CatalogCommonEditViewModel.swift; sourceTree = "<group>"; };
/* End PBXFileReference section */

/* Begin PBXFrameworksBuildPhase section */
		10E90A6C2BBBE6B50049C929 /* Frameworks */ = {
			isa = PBXFrameworksBuildPhase;
			buildActionMask = 2147483647;
			files = (
			);
			runOnlyForDeploymentPostprocessing = 0;
		};
/* End PBXFrameworksBuildPhase section */

/* Begin PBXGroup section */
		106012062C4A7FCB006D3EF2 /* CatalogDebtView */ = {
			isa = PBXGroup;
			children = (
				106012072C4A7FDE006D3EF2 /* CatalogDebtEditView */,
			);
			path = CatalogDebtView;
			sourceTree = "<group>";
		};
		106012072C4A7FDE006D3EF2 /* CatalogDebtEditView */ = {
			isa = PBXGroup;
			children = (
				1060120A2C4A8010006D3EF2 /* CatalogDebtEditViewModel.swift */,
				106012082C4A8007006D3EF2 /* CatalogDebtEditView.swift */,
			);
			path = CatalogDebtEditView;
			sourceTree = "<group>";
		};
		1088FD7E2C566E9C00B67845 /* DocumentIncomeView */ = {
			isa = PBXGroup;
			children = (
				1088FD8E2C567D8100B67845 /* DocumentIncomeStateEditView */,
				1088FD872C5675F600B67845 /* DocumentIncomeListView */,
				1088FD892C56760500B67845 /* DocumentIncomeEditView */,
			);
			path = DocumentIncomeView;
			sourceTree = "<group>";
		};
		1088FD872C5675F600B67845 /* DocumentIncomeListView */ = {
			isa = PBXGroup;
			children = (
				1088FD812C566EC300B67845 /* DocumentIncomeListViewModel.swift */,
				1088FD7F2C566EB500B67845 /* DocumentIncomeListView.swift */,
				1088FD832C566FF100B67845 /* DocumentIncomeListRowView.swift */,
			);
			path = DocumentIncomeListView;
			sourceTree = "<group>";
		};
		1088FD892C56760500B67845 /* DocumentIncomeEditView */ = {
			isa = PBXGroup;
			children = (
				1088FD8A2C56761600B67845 /* DocumentIncomeEditViewModel.swift */,
				1088FD8C2C56761C00B67845 /* DocumentIncomeEditView.swift */,
			);
			path = DocumentIncomeEditView;
			sourceTree = "<group>";
		};
		1088FD8E2C567D8100B67845 /* DocumentIncomeStateEditView */ = {
			isa = PBXGroup;
			children = (
				1088FD942C56819800B67845 /* DocumentIncomeStateEditViewModel.swift */,
				1088FD962C56819D00B67845 /* DocumentIncomeStateEditView.swift */,
			);
			path = DocumentIncomeStateEditView;
			sourceTree = "<group>";
		};
		1088FD982C5682B800B67845 /* CommonView */ = {
			isa = PBXGroup;
			children = (
				1088FD9D2C56887300B67845 /* DecimalTextField.swift */,
				1088FD9B2C56885E00B67845 /* TextFieldDecimal.swift */,
				102B1D522C7A27B3009D4692 /* TextView.swift */,
				1088FD992C5682D400B67845 /* CommentView.swift */,
				1088FDA32C568A0C00B67845 /* DecimalValueRow.swift */,
				1060120C2C4A815A006D3EF2 /* SubtitleView.swift */,
				10C9D22E2C76619200D3C517 /* ValueView.swift */,
			);
			path = CommonView;
			sourceTree = "<group>";
		};
		10E90A662BBBE6B50049C929 = {
			isa = PBXGroup;
			children = (
				10E90A712BBBE6B50049C929 /* MoneyApp */,
				10E90A702BBBE6B50049C929 /* Products */,
			);
			sourceTree = "<group>";
		};
		10E90A702BBBE6B50049C929 /* Products */ = {
			isa = PBXGroup;
			children = (
				10E90A6F2BBBE6B50049C929 /* MoneyApp.app */,
			);
			name = Products;
			sourceTree = "<group>";
		};
		10E90A712BBBE6B50049C929 /* MoneyApp */ = {
			isa = PBXGroup;
			children = (
				10E90AA52BBBEE230049C929 /* Extensions */,
				10E90A8E2BBBEA7C0049C929 /* Model */,
				10E90A802BBBE6EC0049C929 /* Supporting Files */,
				10E90A8A2BBBE8ED0049C929 /* CoreData */,
				10E90A852BBBE8650049C929 /* App */,
				10E90A842BBBE85C0049C929 /* Coordinator */,
				10E90A832BBBE8540049C929 /* Views */,
				10E90A782BBBE6B60049C929 /* Preview Content */,
			);
			path = MoneyApp;
			sourceTree = "<group>";
		};
		10E90A782BBBE6B60049C929 /* Preview Content */ = {
			isa = PBXGroup;
			children = (
				10E90A792BBBE6B60049C929 /* Preview Assets.xcassets */,
			);
			path = "Preview Content";
			sourceTree = "<group>";
		};
		10E90A802BBBE6EC0049C929 /* Supporting Files */ = {
			isa = PBXGroup;
			children = (
				10E90A762BBBE6B60049C929 /* Assets.xcassets */,
			);
			path = "Supporting Files";
			sourceTree = "<group>";
		};
		10E90A832BBBE8540049C929 /* Views */ = {
			isa = PBXGroup;
			children = (
				1088FD982C5682B800B67845 /* CommonView */,
				1088FD7E2C566E9C00B67845 /* DocumentIncomeView */,
				106012062C4A7FCB006D3EF2 /* CatalogDebtView */,
				10FF93BC2C44EF7300037C21 /* EditNameView */,
				10E90A862BBBE8780049C929 /* MainView */,
				10E90A872BBBE8810049C929 /* CatalogStateIncomeView */,
				10FF93BD2C44F8E100037C21 /* CatalogCommonView */,
			);
			path = Views;
			sourceTree = "<group>";
		};
		10E90A842BBBE85C0049C929 /* Coordinator */ = {
			isa = PBXGroup;
			children = (
				10E90A812BBBE8050049C929 /* Coordinator.swift */,
			);
			path = Coordinator;
			sourceTree = "<group>";
		};
		10E90A852BBBE8650049C929 /* App */ = {
			isa = PBXGroup;
			children = (
				10E90A722BBBE6B50049C929 /* MoneyAppApp.swift */,
			);
			path = App;
			sourceTree = "<group>";
		};
		10E90A862BBBE8780049C929 /* MainView */ = {
			isa = PBXGroup;
			children = (
				10E90A742BBBE6B50049C929 /* MainView.swift */,
			);
			path = MainView;
			sourceTree = "<group>";
		};
		10E90A872BBBE8810049C929 /* CatalogStateIncomeView */ = {
			isa = PBXGroup;
			children = (
				10E90A912BBBEBAB0049C929 /* CatalogStateIncomeListView */,
				10E90A922BBBEBAF0049C929 /* CatalogStateIncomeEditView */,
			);
			path = CatalogStateIncomeView;
			sourceTree = "<group>";
		};
		10E90A8A2BBBE8ED0049C929 /* CoreData */ = {
			isa = PBXGroup;
			children = (
				10E90A8B2BBBE9010049C929 /* Model.xcdatamodeld */,
				10E90A9B2BBBED0A0049C929 /* CoreData + Extensions.swift */,
				10E90A992BBBED0A0049C929 /* CoreDataStack.Log.swift */,
				10E90A9D2BBBED0A0049C929 /* CoreDataStack.swift */,
				10A4DC572C35BCBF000392E9 /* CoreDataStackPreview.swift */,
				10E90A9A2BBBED0A0049C929 /* SaveStatus.swift */,
				10E90A9C2BBBED0A0049C929 /* StoreType.swift */,
				10FF93C12C44F97D00037C21 /* CDCatalogName.swift */,
				106012102C4A8C4C006D3EF2 /* CDCatalogDebt.swift */,
				1088FD852C56724F00B67845 /* CDDocumentIncome.swift */,
			);
			path = CoreData;
			sourceTree = "<group>";
		};
		10E90A8E2BBBEA7C0049C929 /* Model */ = {
			isa = PBXGroup;
			children = (
				10E90A8F2BBBEA880049C929 /* ObjectType.swift */,
				10E90AA32BBBED1B0049C929 /* Model.swift */,
				1060120E2C4A8B88006D3EF2 /* DebtType.swift */,
			);
			path = Model;
			sourceTree = "<group>";
		};
		10E90A912BBBEBAB0049C929 /* CatalogStateIncomeListView */ = {
			isa = PBXGroup;
			children = (
				10E90A882BBBE89A0049C929 /* CatalogStateIncomeListView.swift */,
			);
			path = CatalogStateIncomeListView;
			sourceTree = "<group>";
		};
		10E90A922BBBEBAF0049C929 /* CatalogStateIncomeEditView */ = {
			isa = PBXGroup;
			children = (
				10E90A972BBBEC9C0049C929 /* CatalogStateIncomeEditViewModel.swift */,
				10E90A952BBBEC230049C929 /* CatalogStateIncomeEditView.swift */,
			);
			path = CatalogStateIncomeEditView;
			sourceTree = "<group>";
		};
		10E90AA52BBBEE230049C929 /* Extensions */ = {
			isa = PBXGroup;
			children = (
				10E90AA82BBBEF250049C929 /* Extensions.swift */,
				1088FD9F2C5688A800B67845 /* Extensions.Decimal.swift */,
				1088FDA12C5688C400B67845 /* Extensions.String.swift */,
				1021C4112C6930C20057D33B /* Extensions.Color.swift */,
				102B1D542C7A392E009D4692 /* Extension.Font.swift */,
				10640CA82C7CAC6D00C692DA /* Extensions.ForegroundStyle.swift */,
			);
			path = Extensions;
			sourceTree = "<group>";
		};
		10FF93BC2C44EF7300037C21 /* EditNameView */ = {
			isa = PBXGroup;
			children = (
				10A4DC592C35C532000392E9 /* EditNameView.swift */,
			);
			path = EditNameView;
			sourceTree = "<group>";
		};
		10FF93BD2C44F8E100037C21 /* CatalogCommonView */ = {
			isa = PBXGroup;
			children = (
				10FF93BE2C44F90500037C21 /* CatalogCommonListView */,
				10FF93C32C455D1900037C21 /* CatalogCommonEditView */,
			);
			path = CatalogCommonView;
			sourceTree = "<group>";
		};
		10FF93BE2C44F90500037C21 /* CatalogCommonListView */ = {
			isa = PBXGroup;
			children = (
				10FF93BF2C44F91900037C21 /* CatalogCommonListView.swift */,
				1088FD7C2C56613F00B67845 /* CatalogCommonSelectListView.swift */,
			);
			path = CatalogCommonListView;
			sourceTree = "<group>";
		};
		10FF93C32C455D1900037C21 /* CatalogCommonEditView */ = {
			isa = PBXGroup;
			children = (
				10FF93C62C455D8200037C21 /* CatalogCommonEditViewModel.swift */,
				10FF93C42C455D2800037C21 /* CatalogCommonEditView.swift */,
			);
			path = CatalogCommonEditView;
			sourceTree = "<group>";
		};
/* End PBXGroup section */

/* Begin PBXNativeTarget section */
		10E90A6E2BBBE6B50049C929 /* MoneyApp */ = {
			isa = PBXNativeTarget;
			buildConfigurationList = 10E90A7D2BBBE6B60049C929 /* Build configuration list for PBXNativeTarget "MoneyApp" */;
			buildPhases = (
				10E90A6B2BBBE6B50049C929 /* Sources */,
				10E90A6C2BBBE6B50049C929 /* Frameworks */,
				10E90A6D2BBBE6B50049C929 /* Resources */,
			);
			buildRules = (
			);
			dependencies = (
			);
			name = MoneyApp;
			productName = MoneyApp;
			productReference = 10E90A6F2BBBE6B50049C929 /* MoneyApp.app */;
			productType = "com.apple.product-type.application";
		};
/* End PBXNativeTarget section */

/* Begin PBXProject section */
		10E90A672BBBE6B50049C929 /* Project object */ = {
			isa = PBXProject;
			attributes = {
				BuildIndependentTargetsInParallel = 1;
				LastSwiftUpdateCheck = 1520;
				LastUpgradeCheck = 1520;
				TargetAttributes = {
					10E90A6E2BBBE6B50049C929 = {
						CreatedOnToolsVersion = 15.2;
					};
				};
			};
			buildConfigurationList = 10E90A6A2BBBE6B50049C929 /* Build configuration list for PBXProject "MoneyApp" */;
			compatibilityVersion = "Xcode 14.0";
			developmentRegion = en;
			hasScannedForEncodings = 0;
			knownRegions = (
				en,
				Base,
			);
			mainGroup = 10E90A662BBBE6B50049C929;
			productRefGroup = 10E90A702BBBE6B50049C929 /* Products */;
			projectDirPath = "";
			projectRoot = "";
			targets = (
				10E90A6E2BBBE6B50049C929 /* MoneyApp */,
			);
		};
/* End PBXProject section */

/* Begin PBXResourcesBuildPhase section */
		10E90A6D2BBBE6B50049C929 /* Resources */ = {
			isa = PBXResourcesBuildPhase;
			buildActionMask = 2147483647;
			files = (
				10E90A7A2BBBE6B60049C929 /* Preview Assets.xcassets in Resources */,
				10E90A772BBBE6B60049C929 /* Assets.xcassets in Resources */,
			);
			runOnlyForDeploymentPostprocessing = 0;
		};
/* End PBXResourcesBuildPhase section */

/* Begin PBXSourcesBuildPhase section */
		10E90A6B2BBBE6B50049C929 /* Sources */ = {
			isa = PBXSourcesBuildPhase;
			buildActionMask = 2147483647;
			files = (
				1088FD802C566EB500B67845 /* DocumentIncomeListView.swift in Sources */,
				102B1D532C7A27B3009D4692 /* TextView.swift in Sources */,
				10A4DC5A2C35C532000392E9 /* EditNameView.swift in Sources */,
				10A4DC582C35BCBF000392E9 /* CoreDataStackPreview.swift in Sources */,
				10C9D22F2C76619200D3C517 /* ValueView.swift in Sources */,
				10E90A902BBBEA880049C929 /* ObjectType.swift in Sources */,
				1088FD972C56819D00B67845 /* DocumentIncomeStateEditView.swift in Sources */,
				1088FD862C56724F00B67845 /* CDDocumentIncome.swift in Sources */,
				10640CA92C7CAC6D00C692DA /* Extensions.ForegroundStyle.swift in Sources */,
				10E90A982BBBEC9C0049C929 /* CatalogStateIncomeEditViewModel.swift in Sources */,
				10E90A9F2BBBED0A0049C929 /* SaveStatus.swift in Sources */,
				1088FDA02C5688A800B67845 /* Extensions.Decimal.swift in Sources */,
				10FF93C02C44F91900037C21 /* CatalogCommonListView.swift in Sources */,
				1060120F2C4A8B88006D3EF2 /* DebtType.swift in Sources */,
				10E90A752BBBE6B50049C929 /* MainView.swift in Sources */,
				10E90A732BBBE6B50049C929 /* MoneyAppApp.swift in Sources */,
				1088FD7D2C56613F00B67845 /* CatalogCommonSelectListView.swift in Sources */,
				1060120D2C4A815A006D3EF2 /* SubtitleView.swift in Sources */,
				1088FD9C2C56885E00B67845 /* TextFieldDecimal.swift in Sources */,
				10E90AA12BBBED0A0049C929 /* StoreType.swift in Sources */,
				106012092C4A8007006D3EF2 /* CatalogDebtEditView.swift in Sources */,
				10E90AA22BBBED0A0049C929 /* CoreDataStack.swift in Sources */,
				1088FD822C566EC300B67845 /* DocumentIncomeListViewModel.swift in Sources */,
				1088FD9A2C5682D400B67845 /* CommentView.swift in Sources */,
				102B1D552C7A392E009D4692 /* Extension.Font.swift in Sources */,
				106012112C4A8C4C006D3EF2 /* CDCatalogDebt.swift in Sources */,
				10E90AA42BBBED1B0049C929 /* Model.swift in Sources */,
				1088FDA42C568A0C00B67845 /* DecimalValueRow.swift in Sources */,
				10E90A8D2BBBE9010049C929 /* Model.xcdatamodeld in Sources */,
				10E90A892BBBE89A0049C929 /* CatalogStateIncomeListView.swift in Sources */,
				10E90AA92BBBEF250049C929 /* Extensions.swift in Sources */,
				1088FD9E2C56887300B67845 /* DecimalTextField.swift in Sources */,
				10E90A822BBBE8050049C929 /* Coordinator.swift in Sources */,
				10FF93C52C455D2800037C21 /* CatalogCommonEditView.swift in Sources */,
				1088FD8B2C56761600B67845 /* DocumentIncomeEditViewModel.swift in Sources */,
				10E90AA02BBBED0A0049C929 /* CoreData + Extensions.swift in Sources */,
				1060120B2C4A8010006D3EF2 /* CatalogDebtEditViewModel.swift in Sources */,
				10FF93C72C455D8200037C21 /* CatalogCommonEditViewModel.swift in Sources */,
				1088FD952C56819800B67845 /* DocumentIncomeStateEditViewModel.swift in Sources */,
				10E90A9E2BBBED0A0049C929 /* CoreDataStack.Log.swift in Sources */,
				1088FD842C566FF100B67845 /* DocumentIncomeListRowView.swift in Sources */,
				10E90A962BBBEC230049C929 /* CatalogStateIncomeEditView.swift in Sources */,
				1021C4122C6930C20057D33B /* Extensions.Color.swift in Sources */,
				1088FD8D2C56761C00B67845 /* DocumentIncomeEditView.swift in Sources */,
				10FF93C22C44F97D00037C21 /* CDCatalogName.swift in Sources */,
				1088FDA22C5688C400B67845 /* Extensions.String.swift in Sources */,
			);
			runOnlyForDeploymentPostprocessing = 0;
		};
/* End PBXSourcesBuildPhase section */

/* Begin XCBuildConfiguration section */
		10E90A7B2BBBE6B60049C929 /* Debug */ = {
			isa = XCBuildConfiguration;
			buildSettings = {
				ALWAYS_SEARCH_USER_PATHS = NO;
				ASSETCATALOG_COMPILER_GENERATE_SWIFT_ASSET_SYMBOL_EXTENSIONS = YES;
				CLANG_ANALYZER_NONNULL = YES;
				CLANG_ANALYZER_NUMBER_OBJECT_CONVERSION = YES_AGGRESSIVE;
				CLANG_CXX_LANGUAGE_STANDARD = "gnu++20";
				CLANG_ENABLE_MODULES = YES;
				CLANG_ENABLE_OBJC_ARC = YES;
				CLANG_ENABLE_OBJC_WEAK = YES;
				CLANG_WARN_BLOCK_CAPTURE_AUTORELEASING = YES;
				CLANG_WARN_BOOL_CONVERSION = YES;
				CLANG_WARN_COMMA = YES;
				CLANG_WARN_CONSTANT_CONVERSION = YES;
				CLANG_WARN_DEPRECATED_OBJC_IMPLEMENTATIONS = YES;
				CLANG_WARN_DIRECT_OBJC_ISA_USAGE = YES_ERROR;
				CLANG_WARN_DOCUMENTATION_COMMENTS = YES;
				CLANG_WARN_EMPTY_BODY = YES;
				CLANG_WARN_ENUM_CONVERSION = YES;
				CLANG_WARN_INFINITE_RECURSION = YES;
				CLANG_WARN_INT_CONVERSION = YES;
				CLANG_WARN_NON_LITERAL_NULL_CONVERSION = YES;
				CLANG_WARN_OBJC_IMPLICIT_RETAIN_SELF = YES;
				CLANG_WARN_OBJC_LITERAL_CONVERSION = YES;
				CLANG_WARN_OBJC_ROOT_CLASS = YES_ERROR;
				CLANG_WARN_QUOTED_INCLUDE_IN_FRAMEWORK_HEADER = YES;
				CLANG_WARN_RANGE_LOOP_ANALYSIS = YES;
				CLANG_WARN_STRICT_PROTOTYPES = YES;
				CLANG_WARN_SUSPICIOUS_MOVE = YES;
				CLANG_WARN_UNGUARDED_AVAILABILITY = YES_AGGRESSIVE;
				CLANG_WARN_UNREACHABLE_CODE = YES;
				CLANG_WARN__DUPLICATE_METHOD_MATCH = YES;
				COPY_PHASE_STRIP = NO;
				DEBUG_INFORMATION_FORMAT = dwarf;
				ENABLE_STRICT_OBJC_MSGSEND = YES;
				ENABLE_TESTABILITY = YES;
				ENABLE_USER_SCRIPT_SANDBOXING = YES;
				GCC_C_LANGUAGE_STANDARD = gnu17;
				GCC_DYNAMIC_NO_PIC = NO;
				GCC_NO_COMMON_BLOCKS = YES;
				GCC_OPTIMIZATION_LEVEL = 0;
				GCC_PREPROCESSOR_DEFINITIONS = (
					"DEBUG=1",
					"$(inherited)",
				);
				GCC_WARN_64_TO_32_BIT_CONVERSION = YES;
				GCC_WARN_ABOUT_RETURN_TYPE = YES_ERROR;
				GCC_WARN_UNDECLARED_SELECTOR = YES;
				GCC_WARN_UNINITIALIZED_AUTOS = YES_AGGRESSIVE;
				GCC_WARN_UNUSED_FUNCTION = YES;
				GCC_WARN_UNUSED_VARIABLE = YES;
				IPHONEOS_DEPLOYMENT_TARGET = 17.2;
				LOCALIZATION_PREFERS_STRING_CATALOGS = YES;
				MTL_ENABLE_DEBUG_INFO = INCLUDE_SOURCE;
				MTL_FAST_MATH = YES;
				ONLY_ACTIVE_ARCH = YES;
				SDKROOT = iphoneos;
				SWIFT_ACTIVE_COMPILATION_CONDITIONS = "DEBUG $(inherited)";
				SWIFT_OPTIMIZATION_LEVEL = "-Onone";
			};
			name = Debug;
		};
		10E90A7C2BBBE6B60049C929 /* Release */ = {
			isa = XCBuildConfiguration;
			buildSettings = {
				ALWAYS_SEARCH_USER_PATHS = NO;
				ASSETCATALOG_COMPILER_GENERATE_SWIFT_ASSET_SYMBOL_EXTENSIONS = YES;
				CLANG_ANALYZER_NONNULL = YES;
				CLANG_ANALYZER_NUMBER_OBJECT_CONVERSION = YES_AGGRESSIVE;
				CLANG_CXX_LANGUAGE_STANDARD = "gnu++20";
				CLANG_ENABLE_MODULES = YES;
				CLANG_ENABLE_OBJC_ARC = YES;
				CLANG_ENABLE_OBJC_WEAK = YES;
				CLANG_WARN_BLOCK_CAPTURE_AUTORELEASING = YES;
				CLANG_WARN_BOOL_CONVERSION = YES;
				CLANG_WARN_COMMA = YES;
				CLANG_WARN_CONSTANT_CONVERSION = YES;
				CLANG_WARN_DEPRECATED_OBJC_IMPLEMENTATIONS = YES;
				CLANG_WARN_DIRECT_OBJC_ISA_USAGE = YES_ERROR;
				CLANG_WARN_DOCUMENTATION_COMMENTS = YES;
				CLANG_WARN_EMPTY_BODY = YES;
				CLANG_WARN_ENUM_CONVERSION = YES;
				CLANG_WARN_INFINITE_RECURSION = YES;
				CLANG_WARN_INT_CONVERSION = YES;
				CLANG_WARN_NON_LITERAL_NULL_CONVERSION = YES;
				CLANG_WARN_OBJC_IMPLICIT_RETAIN_SELF = YES;
				CLANG_WARN_OBJC_LITERAL_CONVERSION = YES;
				CLANG_WARN_OBJC_ROOT_CLASS = YES_ERROR;
				CLANG_WARN_QUOTED_INCLUDE_IN_FRAMEWORK_HEADER = YES;
				CLANG_WARN_RANGE_LOOP_ANALYSIS = YES;
				CLANG_WARN_STRICT_PROTOTYPES = YES;
				CLANG_WARN_SUSPICIOUS_MOVE = YES;
				CLANG_WARN_UNGUARDED_AVAILABILITY = YES_AGGRESSIVE;
				CLANG_WARN_UNREACHABLE_CODE = YES;
				CLANG_WARN__DUPLICATE_METHOD_MATCH = YES;
				COPY_PHASE_STRIP = NO;
				DEBUG_INFORMATION_FORMAT = "dwarf-with-dsym";
				ENABLE_NS_ASSERTIONS = NO;
				ENABLE_STRICT_OBJC_MSGSEND = YES;
				ENABLE_USER_SCRIPT_SANDBOXING = YES;
				GCC_C_LANGUAGE_STANDARD = gnu17;
				GCC_NO_COMMON_BLOCKS = YES;
				GCC_WARN_64_TO_32_BIT_CONVERSION = YES;
				GCC_WARN_ABOUT_RETURN_TYPE = YES_ERROR;
				GCC_WARN_UNDECLARED_SELECTOR = YES;
				GCC_WARN_UNINITIALIZED_AUTOS = YES_AGGRESSIVE;
				GCC_WARN_UNUSED_FUNCTION = YES;
				GCC_WARN_UNUSED_VARIABLE = YES;
				IPHONEOS_DEPLOYMENT_TARGET = 17.2;
				LOCALIZATION_PREFERS_STRING_CATALOGS = YES;
				MTL_ENABLE_DEBUG_INFO = NO;
				MTL_FAST_MATH = YES;
				SDKROOT = iphoneos;
				SWIFT_COMPILATION_MODE = wholemodule;
				VALIDATE_PRODUCT = YES;
			};
			name = Release;
		};
		10E90A7E2BBBE6B60049C929 /* Debug */ = {
			isa = XCBuildConfiguration;
			buildSettings = {
				ASSETCATALOG_COMPILER_APPICON_NAME = AppIcon;
				ASSETCATALOG_COMPILER_GLOBAL_ACCENT_COLOR_NAME = AccentColor;
				CODE_SIGN_STYLE = Automatic;
				CURRENT_PROJECT_VERSION = 1;
				DEVELOPMENT_ASSET_PATHS = "\"MoneyApp/Preview Content\"";
				DEVELOPMENT_TEAM = KTV28US9SX;
				ENABLE_PREVIEWS = YES;
				GENERATE_INFOPLIST_FILE = YES;
				INFOPLIST_KEY_UIApplicationSceneManifest_Generation = YES;
				INFOPLIST_KEY_UIApplicationSupportsIndirectInputEvents = YES;
				INFOPLIST_KEY_UILaunchScreen_Generation = YES;
				INFOPLIST_KEY_UISupportedInterfaceOrientations_iPad = "UIInterfaceOrientationPortrait UIInterfaceOrientationPortraitUpsideDown UIInterfaceOrientationLandscapeLeft UIInterfaceOrientationLandscapeRight";
				INFOPLIST_KEY_UISupportedInterfaceOrientations_iPhone = "UIInterfaceOrientationPortrait UIInterfaceOrientationLandscapeLeft UIInterfaceOrientationLandscapeRight";
				LD_RUNPATH_SEARCH_PATHS = (
					"$(inherited)",
					"@executable_path/Frameworks",
				);
				MARKETING_VERSION = 1.0;
				PRODUCT_BUNDLE_IDENTIFIER = com.sapgv.MoneyApp;
				PRODUCT_NAME = "$(TARGET_NAME)";
				SWIFT_EMIT_LOC_STRINGS = YES;
				SWIFT_VERSION = 5.0;
				TARGETED_DEVICE_FAMILY = "1,2";
			};
			name = Debug;
		};
		10E90A7F2BBBE6B60049C929 /* Release */ = {
			isa = XCBuildConfiguration;
			buildSettings = {
				ASSETCATALOG_COMPILER_APPICON_NAME = AppIcon;
				ASSETCATALOG_COMPILER_GLOBAL_ACCENT_COLOR_NAME = AccentColor;
				CODE_SIGN_STYLE = Automatic;
				CURRENT_PROJECT_VERSION = 1;
				DEVELOPMENT_ASSET_PATHS = "\"MoneyApp/Preview Content\"";
				DEVELOPMENT_TEAM = KTV28US9SX;
				ENABLE_PREVIEWS = YES;
				GENERATE_INFOPLIST_FILE = YES;
				INFOPLIST_KEY_UIApplicationSceneManifest_Generation = YES;
				INFOPLIST_KEY_UIApplicationSupportsIndirectInputEvents = YES;
				INFOPLIST_KEY_UILaunchScreen_Generation = YES;
				INFOPLIST_KEY_UISupportedInterfaceOrientations_iPad = "UIInterfaceOrientationPortrait UIInterfaceOrientationPortraitUpsideDown UIInterfaceOrientationLandscapeLeft UIInterfaceOrientationLandscapeRight";
				INFOPLIST_KEY_UISupportedInterfaceOrientations_iPhone = "UIInterfaceOrientationPortrait UIInterfaceOrientationLandscapeLeft UIInterfaceOrientationLandscapeRight";
				LD_RUNPATH_SEARCH_PATHS = (
					"$(inherited)",
					"@executable_path/Frameworks",
				);
				MARKETING_VERSION = 1.0;
				PRODUCT_BUNDLE_IDENTIFIER = com.sapgv.MoneyApp;
				PRODUCT_NAME = "$(TARGET_NAME)";
				SWIFT_EMIT_LOC_STRINGS = YES;
				SWIFT_VERSION = 5.0;
				TARGETED_DEVICE_FAMILY = "1,2";
			};
			name = Release;
		};
/* End XCBuildConfiguration section */

/* Begin XCConfigurationList section */
		10E90A6A2BBBE6B50049C929 /* Build configuration list for PBXProject "MoneyApp" */ = {
			isa = XCConfigurationList;
			buildConfigurations = (
				10E90A7B2BBBE6B60049C929 /* Debug */,
				10E90A7C2BBBE6B60049C929 /* Release */,
			);
			defaultConfigurationIsVisible = 0;
			defaultConfigurationName = Release;
		};
		10E90A7D2BBBE6B60049C929 /* Build configuration list for PBXNativeTarget "MoneyApp" */ = {
			isa = XCConfigurationList;
			buildConfigurations = (
				10E90A7E2BBBE6B60049C929 /* Debug */,
				10E90A7F2BBBE6B60049C929 /* Release */,
			);
			defaultConfigurationIsVisible = 0;
			defaultConfigurationName = Release;
		};
/* End XCConfigurationList section */

/* Begin XCVersionGroup section */
		10E90A8B2BBBE9010049C929 /* Model.xcdatamodeld */ = {
			isa = XCVersionGroup;
			children = (
				10E90A8C2BBBE9010049C929 /* Model.xcdatamodel */,
			);
			currentVersion = 10E90A8C2BBBE9010049C929 /* Model.xcdatamodel */;
			path = Model.xcdatamodeld;
			sourceTree = "<group>";
			versionGroupType = wrapper.xcdatamodel;
		};
/* End XCVersionGroup section */
	};
	rootObject = 10E90A672BBBE6B50049C929 /* Project object */;
}
